
Microsoft Visual Studio Solution File, Format Version 12.00
# Visual Studio Version 16
VisualStudioVersion = 16.0.29418.71
MinimumVisualStudioVersion = 10.0.40219.1
Project("{FAE04EC0-301F-11D3-BF4B-00C04F79EFBC}") = "ClientePrueba", "ClientePrueba\ClientePrueba.csproj", "{171EBA50-B4F3-435F-8397-805A1F8D55D2}"
EndProject
Global
	GlobalSection(SolutionConfigurationPlatforms) = preSolution
		Debug|Any CPU = Debug|Any CPU
		Release|Any CPU = Release|Any CPU
	EndGlobalSection
	GlobalSection(ProjectConfigurationPlatforms) = postSolution
		{171EBA50-B4F3-435F-8397-805A1F8D55D2}.Debug|Any CPU.ActiveCfg = Debug|Any CPU
		{171EBA50-B4F3-435F-8397-805A1F8D55D2}.Debug|Any CPU.Build.0 = Debug|Any CPU
		{171EBA50-B4F3-435F-8397-805A1F8D55D2}.Release|Any CPU.ActiveCfg = Release|Any CPU
		{171EBA50-B4F3-435F-8397-805A1F8D55D2}.Release|Any CPU.Build.0 = Release|Any CPU
	EndGlobalSection
	GlobalSection(SolutionProperties) = preSolution
		HideSolutionNode = FALSE
	EndGlobalSection
	GlobalSection(ExtensibilityGlobals) = postSolution
		SolutionGuid = {BB9A775A-E8EF-4840-9EC3-B4E502072395}
	EndGlobalSection
EndGlobal
